
Microsoft Visual Studio Solution File, Format Version 12.00
# Visual Studio 14
VisualStudioVersion = 14.0.25420.1
MinimumVisualStudioVersion = 10.0.40219.1
Project("{FAE04EC0-301F-11D3-BF4B-00C04F79EFBC}") = "Payroll", "Salary\Payroll.csproj", "{47C333B4-7468-40AB-899A-19E1FDEA5090}"
EndProject
Project("{FAE04EC0-301F-11D3-BF4B-00C04F79EFBC}") = "Salary.Test", "Salary.Test\Salary.Test.csproj", "{5849D015-1802-4BF2-9D42-D2F2DA27F69E}"
EndProject
Global
	GlobalSection(SolutionConfigurationPlatforms) = preSolution
		Debug|Any CPU = Debug|Any CPU
		Release|Any CPU = Release|Any CPU
	EndGlobalSection
	GlobalSection(ProjectConfigurationPlatforms) = postSolution
		{47C333B4-7468-40AB-899A-19E1FDEA5090}.Debug|Any CPU.ActiveCfg = Debug|Any CPU
		{47C333B4-7468-40AB-899A-19E1FDEA5090}.Debug|Any CPU.Build.0 = Debug|Any CPU
		{47C333B4-7468-40AB-899A-19E1FDEA5090}.Release|Any CPU.ActiveCfg = Release|Any CPU
		{47C333B4-7468-40AB-899A-19E1FDEA5090}.Release|Any CPU.Build.0 = Release|Any CPU
		{5849D015-1802-4BF2-9D42-D2F2DA27F69E}.Debug|Any CPU.ActiveCfg = Debug|Any CPU
		{5849D015-1802-4BF2-9D42-D2F2DA27F69E}.Debug|Any CPU.Build.0 = Debug|Any CPU
		{5849D015-1802-4BF2-9D42-D2F2DA27F69E}.Release|Any CPU.ActiveCfg = Release|Any CPU
		{5849D015-1802-4BF2-9D42-D2F2DA27F69E}.Release|Any CPU.Build.0 = Release|Any CPU
	EndGlobalSection
	GlobalSection(SolutionProperties) = preSolution
		HideSolutionNode = FALSE
	EndGlobalSection
EndGlobal
